
Microsoft Visual Studio Solution File, Format Version 12.00
# Visual Studio Version 16
VisualStudioVersion = 16.0.30621.155
MinimumVisualStudioVersion = 10.0.40219.1
Project("{FAE04EC0-301F-11D3-BF4B-00C04F79EFBC}") = "KomodoInsuranceUI", "KomodoInsuranceUI\KomodoInsuranceUI.csproj", "{FD87848E-3090-48FC-A03F-AADC3F3DDF87}"
EndProject
Project("{FAE04EC0-301F-11D3-BF4B-00C04F79EFBC}") = "KomodoInsuranceRepository", "KomodoInsuranceRepository\KomodoInsuranceRepository.csproj", "{DA33BD18-B8A8-44E3-9979-3EE234CD86CE}"
EndProject
Global
	GlobalSection(SolutionConfigurationPlatforms) = preSolution
		Debug|Any CPU = Debug|Any CPU
		Release|Any CPU = Release|Any CPU
	EndGlobalSection
	GlobalSection(ProjectConfigurationPlatforms) = postSolution
		{FD87848E-3090-48FC-A03F-AADC3F3DDF87}.Debug|Any CPU.ActiveCfg = Debug|Any CPU
		{FD87848E-3090-48FC-A03F-AADC3F3DDF87}.Debug|Any CPU.Build.0 = Debug|Any CPU
		{FD87848E-3090-48FC-A03F-AADC3F3DDF87}.Release|Any CPU.ActiveCfg = Release|Any CPU
		{FD87848E-3090-48FC-A03F-AADC3F3DDF87}.Release|Any CPU.Build.0 = Release|Any CPU
		{DA33BD18-B8A8-44E3-9979-3EE234CD86CE}.Debug|Any CPU.ActiveCfg = Debug|Any CPU
		{DA33BD18-B8A8-44E3-9979-3EE234CD86CE}.Debug|Any CPU.Build.0 = Debug|Any CPU
		{DA33BD18-B8A8-44E3-9979-3EE234CD86CE}.Release|Any CPU.ActiveCfg = Release|Any CPU
		{DA33BD18-B8A8-44E3-9979-3EE234CD86CE}.Release|Any CPU.Build.0 = Release|Any CPU
	EndGlobalSection
	GlobalSection(SolutionProperties) = preSolution
		HideSolutionNode = FALSE
	EndGlobalSection
	GlobalSection(ExtensibilityGlobals) = postSolution
		SolutionGuid = {477EF413-45DE-45AA-8F85-CFD5A1EC5276}
	EndGlobalSection
EndGlobal
